
Microsoft Visual Studio Solution File, Format Version 12.00
Project("{FAE04EC0-301F-11D3-BF4B-00C04F79EFBC}") = "Omni.ImageConverter.Service", "Omni.ImageConverter.Service\Omni.ImageConverter.Service.csproj", "{001C34C4-329E-4BA8-B0ED-6D16CA16C62B}"
EndProject
Global
	GlobalSection(SolutionConfigurationPlatforms) = preSolution
		Debug|Any CPU = Debug|Any CPU
		Release|Any CPU = Release|Any CPU
	EndGlobalSection
	GlobalSection(ProjectConfigurationPlatforms) = postSolution
		{001C34C4-329E-4BA8-B0ED-6D16CA16C62B}.Debug|Any CPU.ActiveCfg = Debug|Any CPU
		{001C34C4-329E-4BA8-B0ED-6D16CA16C62B}.Debug|Any CPU.Build.0 = Debug|Any CPU
	EndGlobalSection
EndGlobal
